
Microsoft Visual Studio Solution File, Format Version 12.00
# Visual Studio Version 16
VisualStudioVersion = 16.0.31019.35
MinimumVisualStudioVersion = 10.0.40219.1
Project("{FAE04EC0-301F-11D3-BF4B-00C04F79EFBC}") = "test", "test\test.csproj", "{067B6D80-B0E3-423F-A1EE-1133E5B6E859}"
EndProject
Global
	GlobalSection(SolutionConfigurationPlatforms) = preSolution
		Debug|Any CPU = Debug|Any CPU
		Release|Any CPU = Release|Any CPU
	EndGlobalSection
	GlobalSection(ProjectConfigurationPlatforms) = postSolution
		{067B6D80-B0E3-423F-A1EE-1133E5B6E859}.Debug|Any CPU.ActiveCfg = Debug|Any CPU
		{067B6D80-B0E3-423F-A1EE-1133E5B6E859}.Debug|Any CPU.Build.0 = Debug|Any CPU
		{067B6D80-B0E3-423F-A1EE-1133E5B6E859}.Release|Any CPU.ActiveCfg = Release|Any CPU
		{067B6D80-B0E3-423F-A1EE-1133E5B6E859}.Release|Any CPU.Build.0 = Release|Any CPU
	EndGlobalSection
	GlobalSection(SolutionProperties) = preSolution
		HideSolutionNode = FALSE
	EndGlobalSection
	GlobalSection(ExtensibilityGlobals) = postSolution
		SolutionGuid = {D8F99BB5-688E-40A5-8DB2-5B515DF201CE}
	EndGlobalSection
EndGlobal
