
Microsoft Visual Studio Solution File, Format Version 12.00
# Visual Studio Version 16
VisualStudioVersion = 16.0.31019.35
MinimumVisualStudioVersion = 10.0.40219.1
Project("{FAE04EC0-301F-11D3-BF4B-00C04F79EFBC}") = "TestConnect", "TestConnect\TestConnect.csproj", "{678E3C40-9458-4DA3-811C-9C15B81DBD50}"
EndProject
Global
	GlobalSection(SolutionConfigurationPlatforms) = preSolution
		Debug|Any CPU = Debug|Any CPU
		Release|Any CPU = Release|Any CPU
	EndGlobalSection
	GlobalSection(ProjectConfigurationPlatforms) = postSolution
		{678E3C40-9458-4DA3-811C-9C15B81DBD50}.Debug|Any CPU.ActiveCfg = Debug|Any CPU
		{678E3C40-9458-4DA3-811C-9C15B81DBD50}.Debug|Any CPU.Build.0 = Debug|Any CPU
		{678E3C40-9458-4DA3-811C-9C15B81DBD50}.Release|Any CPU.ActiveCfg = Release|Any CPU
		{678E3C40-9458-4DA3-811C-9C15B81DBD50}.Release|Any CPU.Build.0 = Release|Any CPU
	EndGlobalSection
	GlobalSection(SolutionProperties) = preSolution
		HideSolutionNode = FALSE
	EndGlobalSection
	GlobalSection(ExtensibilityGlobals) = postSolution
		SolutionGuid = {81332D77-CAFC-48EC-A000-9B2783FF58EE}
	EndGlobalSection
EndGlobal
