
Microsoft Visual Studio Solution File, Format Version 12.00
# Visual Studio Version 16
VisualStudioVersion = 16.0.31019.35
MinimumVisualStudioVersion = 10.0.40219.1
Project("{FAE04EC0-301F-11D3-BF4B-00C04F79EFBC}") = "BaseEFCore", "BaseEFCore\BaseEFCore.csproj", "{7721531C-50F6-4277-827E-BABC3CD7087E}"
EndProject
Global
	GlobalSection(SolutionConfigurationPlatforms) = preSolution
		Debug|Any CPU = Debug|Any CPU
		Release|Any CPU = Release|Any CPU
	EndGlobalSection
	GlobalSection(ProjectConfigurationPlatforms) = postSolution
		{7721531C-50F6-4277-827E-BABC3CD7087E}.Debug|Any CPU.ActiveCfg = Debug|Any CPU
		{7721531C-50F6-4277-827E-BABC3CD7087E}.Debug|Any CPU.Build.0 = Debug|Any CPU
		{7721531C-50F6-4277-827E-BABC3CD7087E}.Release|Any CPU.ActiveCfg = Release|Any CPU
		{7721531C-50F6-4277-827E-BABC3CD7087E}.Release|Any CPU.Build.0 = Release|Any CPU
	EndGlobalSection
	GlobalSection(SolutionProperties) = preSolution
		HideSolutionNode = FALSE
	EndGlobalSection
	GlobalSection(ExtensibilityGlobals) = postSolution
		SolutionGuid = {00471801-9409-46BE-A23E-731E1B4D9AB4}
	EndGlobalSection
EndGlobal
